
Microsoft Visual Studio Solution File, Format Version 12.00
# Visual Studio 15
VisualStudioVersion = 15.0.28307.1525
MinimumVisualStudioVersion = 10.0.40219.1
Project("{8BC9CEB8-8B4A-11D0-8D11-00A0C91BC942}") = "gdcmCommon", "Source\Common\gdcmCommon.vcxproj", "{4B2B6FA3-DD9A-3251-8516-541B85E10737}"
EndProject
Project("{8BC9CEB8-8B4A-11D0-8D11-00A0C91BC942}") = "gdcmDICT", "Source\DataDictionary\gdcmDICT.vcxproj", "{9E72E40A-BC75-3849-8482-E7A05F375C13}"
	ProjectSection(ProjectDependencies) = postProject
		{4B2B6FA3-DD9A-3251-8516-541B85E10737} = {4B2B6FA3-DD9A-3251-8516-541B85E10737}
		{0D34D0EA-BE35-3D5F-87F2-691AD418A71B} = {0D34D0EA-BE35-3D5F-87F2-691AD418A71B}
		{0AF4F3CE-F51B-3165-84BE-37526B4B2E9B} = {0AF4F3CE-F51B-3165-84BE-37526B4B2E9B}
	EndProjectSection
EndProject
Project("{8BC9CEB8-8B4A-11D0-8D11-00A0C91BC942}") = "gdcmDSED", "Source\DataStructureAndEncodingDefinition\gdcmDSED.vcxproj", "{0D34D0EA-BE35-3D5F-87F2-691AD418A71B}"
	ProjectSection(ProjectDependencies) = postProject
		{4B2B6FA3-DD9A-3251-8516-541B85E10737} = {4B2B6FA3-DD9A-3251-8516-541B85E10737}
		{FA446FFB-4A5C-395F-9E53-F99288111CD8} = {FA446FFB-4A5C-395F-9E53-F99288111CD8}
	EndProjectSection
EndProject
Project("{8BC9CEB8-8B4A-11D0-8D11-00A0C91BC942}") = "gdcmIOD", "Source\InformationObjectDefinition\gdcmIOD.vcxproj", "{0AF4F3CE-F51B-3165-84BE-37526B4B2E9B}"
	ProjectSection(ProjectDependencies) = postProject
		{4B2B6FA3-DD9A-3251-8516-541B85E10737} = {4B2B6FA3-DD9A-3251-8516-541B85E10737}
		{0D34D0EA-BE35-3D5F-87F2-691AD418A71B} = {0D34D0EA-BE35-3D5F-87F2-691AD418A71B}
		{66EF1B0A-800A-31BC-98B9-B10423DBD79B} = {66EF1B0A-800A-31BC-98B9-B10423DBD79B}
	EndProjectSection
EndProject
Project("{8BC9CEB8-8B4A-11D0-8D11-00A0C91BC942}") = "gdcmMEXD", "Source\MessageExchangeDefinition\gdcmMEXD.vcxproj", "{83D47E53-D66A-3BED-8E07-7BFD065EBFB4}"
	ProjectSection(ProjectDependencies) = postProject
		{4B2B6FA3-DD9A-3251-8516-541B85E10737} = {4B2B6FA3-DD9A-3251-8516-541B85E10737}
		{9E72E40A-BC75-3849-8482-E7A05F375C13} = {9E72E40A-BC75-3849-8482-E7A05F375C13}
		{0D34D0EA-BE35-3D5F-87F2-691AD418A71B} = {0D34D0EA-BE35-3D5F-87F2-691AD418A71B}
		{0AF4F3CE-F51B-3165-84BE-37526B4B2E9B} = {0AF4F3CE-F51B-3165-84BE-37526B4B2E9B}
		{B544C41C-D2D6-3CBC-92F5-D4B30610326C} = {B544C41C-D2D6-3CBC-92F5-D4B30610326C}
		{FE9DB65D-3D35-38F3-8517-D88D66CA5BE7} = {FE9DB65D-3D35-38F3-8517-D88D66CA5BE7}
	EndProjectSection
EndProject
Project("{8BC9CEB8-8B4A-11D0-8D11-00A0C91BC942}") = "gdcmMSFF", "Source\MediaStorageAndFileFormat\gdcmMSFF.vcxproj", "{B544C41C-D2D6-3CBC-92F5-D4B30610326C}"
	ProjectSection(ProjectDependencies) = postProject
		{4B2B6FA3-DD9A-3251-8516-541B85E10737} = {4B2B6FA3-DD9A-3251-8516-541B85E10737}
		{9E72E40A-BC75-3849-8482-E7A05F375C13} = {9E72E40A-BC75-3849-8482-E7A05F375C13}
		{0D34D0EA-BE35-3D5F-87F2-691AD418A71B} = {0D34D0EA-BE35-3D5F-87F2-691AD418A71B}
		{0AF4F3CE-F51B-3165-84BE-37526B4B2E9B} = {0AF4F3CE-F51B-3165-84BE-37526B4B2E9B}
		{816F2661-9E8C-30D0-B55B-BA83B27BDEF0} = {816F2661-9E8C-30D0-B55B-BA83B27BDEF0}
		{FA382176-6112-3826-AF3A-AAD52A29818E} = {FA382176-6112-3826-AF3A-AAD52A29818E}
		{6D25FA92-4586-31C8-8103-35D0433E6404} = {6D25FA92-4586-31C8-8103-35D0433E6404}
		{35A714DB-142A-3871-B6F6-9715AA6EEC5D} = {35A714DB-142A-3871-B6F6-9715AA6EEC5D}
		{1375DE0C-D95F-3106-B372-E868B229CE33} = {1375DE0C-D95F-3106-B372-E868B229CE33}
	EndProjectSection
EndProject
Project("{8BC9CEB8-8B4A-11D0-8D11-00A0C91BC942}") = "gdcmcharls", "Utilities\gdcmcharls\gdcmcharls.vcxproj", "{816F2661-9E8C-30D0-B55B-BA83B27BDEF0}"
EndProject
Project("{8BC9CEB8-8B4A-11D0-8D11-00A0C91BC942}") = "gdcmexpat", "Utilities\gdcmexpat\lib\gdcmexpat.vcxproj", "{66EF1B0A-800A-31BC-98B9-B10423DBD79B}"
EndProject
Project("{8BC9CEB8-8B4A-11D0-8D11-00A0C91BC942}") = "gdcmgetopt", "Utilities\getopt\gdcmgetopt.vcxproj", "{1EC7786E-82CC-3082-8A6A-8A1875933CDE}"
EndProject
Project("{8BC9CEB8-8B4A-11D0-8D11-00A0C91BC942}") = "gdcmjpeg12", "Utilities\gdcmjpeg\12\gdcmjpeg12.vcxproj", "{FA382176-6112-3826-AF3A-AAD52A29818E}"
EndProject
Project("{8BC9CEB8-8B4A-11D0-8D11-00A0C91BC942}") = "gdcmjpeg16", "Utilities\gdcmjpeg\16\gdcmjpeg16.vcxproj", "{6D25FA92-4586-31C8-8103-35D0433E6404}"
EndProject
Project("{8BC9CEB8-8B4A-11D0-8D11-00A0C91BC942}") = "gdcmjpeg8", "Utilities\gdcmjpeg\8\gdcmjpeg8.vcxproj", "{35A714DB-142A-3871-B6F6-9715AA6EEC5D}"
EndProject
Project("{8BC9CEB8-8B4A-11D0-8D11-00A0C91BC942}") = "gdcmopenjp2", "Utilities\gdcmopenjpeg\src\lib\openjp2\gdcmopenjp2.vcxproj", "{1375DE0C-D95F-3106-B372-E868B229CE33}"
EndProject
Project("{8BC9CEB8-8B4A-11D0-8D11-00A0C91BC942}") = "gdcmzlib", "Utilities\gdcmzlib\gdcmzlib.vcxproj", "{FA446FFB-4A5C-395F-9E53-F99288111CD8}"
EndProject
Project("{8BC9CEB8-8B4A-11D0-8D11-00A0C91BC942}") = "socketxx", "Utilities\socketxx\socket++\socketxx.vcxproj", "{FE9DB65D-3D35-38F3-8517-D88D66CA5BE7}"
EndProject
Project("{8BC9CEB8-8B4A-11D0-8D11-00A0C91BC942}") = "vtkgdcm", "Utilities\VTK\vtkgdcm.vcxproj", "{2B03A312-0BD9-3E9A-9C14-AD558292F7F2}"
	ProjectSection(ProjectDependencies) = postProject
		{4B2B6FA3-DD9A-3251-8516-541B85E10737} = {4B2B6FA3-DD9A-3251-8516-541B85E10737}
		{9E72E40A-BC75-3849-8482-E7A05F375C13} = {9E72E40A-BC75-3849-8482-E7A05F375C13}
		{0D34D0EA-BE35-3D5F-87F2-691AD418A71B} = {0D34D0EA-BE35-3D5F-87F2-691AD418A71B}
		{0AF4F3CE-F51B-3165-84BE-37526B4B2E9B} = {0AF4F3CE-F51B-3165-84BE-37526B4B2E9B}
		{B544C41C-D2D6-3CBC-92F5-D4B30610326C} = {B544C41C-D2D6-3CBC-92F5-D4B30610326C}
	EndProjectSection
EndProject
Global
	GlobalSection(SolutionConfigurationPlatforms) = preSolution
		Debug|Win32 = Debug|Win32
		Debug|x64 = Debug|x64
		Debug|x86 = Debug|x86
		MinSizeRel|Win32 = MinSizeRel|Win32
		MinSizeRel|x64 = MinSizeRel|x64
		MinSizeRel|x86 = MinSizeRel|x86
		RelDebInfo32|Win32 = RelDebInfo32|Win32
		RelDebInfo32|x64 = RelDebInfo32|x64
		RelDebInfo32|x86 = RelDebInfo32|x86
		Release|Win32 = Release|Win32
		Release|x64 = Release|x64
		Release|x86 = Release|x86
		RelWithDebInfo|Win32 = RelWithDebInfo|Win32
		RelWithDebInfo|x64 = RelWithDebInfo|x64
		RelWithDebInfo|x86 = RelWithDebInfo|x86
	EndGlobalSection
	GlobalSection(ProjectConfigurationPlatforms) = postSolution
		{4B2B6FA3-DD9A-3251-8516-541B85E10737}.Debug|Win32.ActiveCfg = Debug|Win32
		{4B2B6FA3-DD9A-3251-8516-541B85E10737}.Debug|Win32.Build.0 = Debug|Win32
		{4B2B6FA3-DD9A-3251-8516-541B85E10737}.Debug|x64.ActiveCfg = Debug|x64
		{4B2B6FA3-DD9A-3251-8516-541B85E10737}.Debug|x64.Build.0 = Debug|x64
		{4B2B6FA3-DD9A-3251-8516-541B85E10737}.Debug|x86.ActiveCfg = Debug|Win32
		{4B2B6FA3-DD9A-3251-8516-541B85E10737}.Debug|x86.Build.0 = Debug|Win32
		{4B2B6FA3-DD9A-3251-8516-541B85E10737}.MinSizeRel|Win32.ActiveCfg = MinSizeRel|Win32
		{4B2B6FA3-DD9A-3251-8516-541B85E10737}.MinSizeRel|Win32.Build.0 = MinSizeRel|Win32
		{4B2B6FA3-DD9A-3251-8516-541B85E10737}.MinSizeRel|x64.ActiveCfg = MinSizeRel|x64
		{4B2B6FA3-DD9A-3251-8516-541B85E10737}.MinSizeRel|x64.Build.0 = MinSizeRel|x64
		{4B2B6FA3-DD9A-3251-8516-541B85E10737}.MinSizeRel|x86.ActiveCfg = MinSizeRel|Win32
		{4B2B6FA3-DD9A-3251-8516-541B85E10737}.MinSizeRel|x86.Build.0 = MinSizeRel|Win32
		{4B2B6FA3-DD9A-3251-8516-541B85E10737}.RelDebInfo32|Win32.ActiveCfg = RelDebInfo32|Win32
		{4B2B6FA3-DD9A-3251-8516-541B85E10737}.RelDebInfo32|Win32.Build.0 = RelDebInfo32|Win32
		{4B2B6FA3-DD9A-3251-8516-541B85E10737}.RelDebInfo32|x64.ActiveCfg = RelDebInfo32|x64
		{4B2B6FA3-DD9A-3251-8516-541B85E10737}.RelDebInfo32|x64.Build.0 = RelDebInfo32|x64
		{4B2B6FA3-DD9A-3251-8516-541B85E10737}.RelDebInfo32|x86.ActiveCfg = RelDebInfo32|Win32
		{4B2B6FA3-DD9A-3251-8516-541B85E10737}.RelDebInfo32|x86.Build.0 = RelDebInfo32|Win32
		{4B2B6FA3-DD9A-3251-8516-541B85E10737}.Release|Win32.ActiveCfg = Release|Win32
		{4B2B6FA3-DD9A-3251-8516-541B85E10737}.Release|Win32.Build.0 = Release|Win32
		{4B2B6FA3-DD9A-3251-8516-541B85E10737}.Release|x64.ActiveCfg = Release|x64
		{4B2B6FA3-DD9A-3251-8516-541B85E10737}.Release|x64.Build.0 = Release|x64
		{4B2B6FA3-DD9A-3251-8516-541B85E10737}.Release|x86.ActiveCfg = Release|Win32
		{4B2B6FA3-DD9A-3251-8516-541B85E10737}.Release|x86.Build.0 = Release|Win32
		{4B2B6FA3-DD9A-3251-8516-541B85E10737}.RelWithDebInfo|Win32.ActiveCfg = RelWithDebInfo|Win32
		{4B2B6FA3-DD9A-3251-8516-541B85E10737}.RelWithDebInfo|Win32.Build.0 = RelWithDebInfo|Win32
		{4B2B6FA3-DD9A-3251-8516-541B85E10737}.RelWithDebInfo|x64.ActiveCfg = RelWithDebInfo|x64
		{4B2B6FA3-DD9A-3251-8516-541B85E10737}.RelWithDebInfo|x64.Build.0 = RelWithDebInfo|x64
		{4B2B6FA3-DD9A-3251-8516-541B85E10737}.RelWithDebInfo|x86.ActiveCfg = RelWithDebInfo|Win32
		{4B2B6FA3-DD9A-3251-8516-541B85E10737}.RelWithDebInfo|x86.Build.0 = RelWithDebInfo|Win32
		{9E72E40A-BC75-3849-8482-E7A05F375C13}.Debug|Win32.ActiveCfg = Debug|Win32
		{9E72E40A-BC75-3849-8482-E7A05F375C13}.Debug|Win32.Build.0 = Debug|Win32
		{9E72E40A-BC75-3849-8482-E7A05F375C13}.Debug|x64.ActiveCfg = Debug|x64
		{9E72E40A-BC75-3849-8482-E7A05F375C13}.Debug|x64.Build.0 = Debug|x64
		{9E72E40A-BC75-3849-8482-E7A05F375C13}.Debug|x86.ActiveCfg = Debug|Win32
		{9E72E40A-BC75-3849-8482-E7A05F375C13}.Debug|x86.Build.0 = Debug|Win32
		{9E72E40A-BC75-3849-8482-E7A05F375C13}.MinSizeRel|Win32.ActiveCfg = MinSizeRel|Win32
		{9E72E40A-BC75-3849-8482-E7A05F375C13}.MinSizeRel|Win32.Build.0 = MinSizeRel|Win32
		{9E72E40A-BC75-3849-8482-E7A05F375C13}.MinSizeRel|x64.ActiveCfg = MinSizeRel|x64
		{9E72E40A-BC75-3849-8482-E7A05F375C13}.MinSizeRel|x64.Build.0 = MinSizeRel|x64
		{9E72E40A-BC75-3849-8482-E7A05F375C13}.MinSizeRel|x86.ActiveCfg = MinSizeRel|Win32
		{9E72E40A-BC75-3849-8482-E7A05F375C13}.MinSizeRel|x86.Build.0 = MinSizeRel|Win32
		{9E72E40A-BC75-3849-8482-E7A05F375C13}.RelDebInfo32|Win32.ActiveCfg = RelDebInfo32|Win32
		{9E72E40A-BC75-3849-8482-E7A05F375C13}.RelDebInfo32|Win32.Build.0 = RelDebInfo32|Win32
		{9E72E40A-BC75-3849-8482-E7A05F375C13}.RelDebInfo32|x64.ActiveCfg = RelDebInfo32|x64
		{9E72E40A-BC75-3849-8482-E7A05F375C13}.RelDebInfo32|x64.Build.0 = RelDebInfo32|x64
		{9E72E40A-BC75-3849-8482-E7A05F375C13}.RelDebInfo32|x86.ActiveCfg = RelDebInfo32|Win32
		{9E72E40A-BC75-3849-8482-E7A05F375C13}.RelDebInfo32|x86.Build.0 = RelDebInfo32|Win32
		{9E72E40A-BC75-3849-8482-E7A05F375C13}.Release|Win32.ActiveCfg = Release|Win32
		{9E72E40A-BC75-3849-8482-E7A05F375C13}.Release|Win32.Build.0 = Release|Win32
		{9E72E40A-BC75-3849-8482-E7A05F375C13}.Release|x64.ActiveCfg = Release|x64
		{9E72E40A-BC75-3849-8482-E7A05F375C13}.Release|x64.Build.0 = Release|x64
		{9E72E40A-BC75-3849-8482-E7A05F375C13}.Release|x86.ActiveCfg = Release|Win32
		{9E72E40A-BC75-3849-8482-E7A05F375C13}.Release|x86.Build.0 = Release|Win32
		{9E72E40A-BC75-3849-8482-E7A05F375C13}.RelWithDebInfo|Win32.ActiveCfg = RelWithDebInfo|Win32
		{9E72E40A-BC75-3849-8482-E7A05F375C13}.RelWithDebInfo|Win32.Build.0 = RelWithDebInfo|Win32
		{9E72E40A-BC75-3849-8482-E7A05F375C13}.RelWithDebInfo|x64.ActiveCfg = RelWithDebInfo|x64
		{9E72E40A-BC75-3849-8482-E7A05F375C13}.RelWithDebInfo|x64.Build.0 = RelWithDebInfo|x64
		{9E72E40A-BC75-3849-8482-E7A05F375C13}.RelWithDebInfo|x86.ActiveCfg = RelWithDebInfo|Win32
		{9E72E40A-BC75-3849-8482-E7A05F375C13}.RelWithDebInfo|x86.Build.0 = RelWithDebInfo|Win32
		{0D34D0EA-BE35-3D5F-87F2-691AD418A71B}.Debug|Win32.ActiveCfg = Debug|Win32
		{0D34D0EA-BE35-3D5F-87F2-691AD418A71B}.Debug|Win32.Build.0 = Debug|Win32
		{0D34D0EA-BE35-3D5F-87F2-691AD418A71B}.Debug|x64.ActiveCfg = Debug|x64
		{0D34D0EA-BE35-3D5F-87F2-691AD418A71B}.Debug|x64.Build.0 = Debug|x64
		{0D34D0EA-BE35-3D5F-87F2-691AD418A71B}.Debug|x86.ActiveCfg = Debug|Win32
		{0D34D0EA-BE35-3D5F-87F2-691AD418A71B}.Debug|x86.Build.0 = Debug|Win32
		{0D34D0EA-BE35-3D5F-87F2-691AD418A71B}.MinSizeRel|Win32.ActiveCfg = MinSizeRel|Win32
		{0D34D0EA-BE35-3D5F-87F2-691AD418A71B}.MinSizeRel|Win32.Build.0 = MinSizeRel|Win32
		{0D34D0EA-BE35-3D5F-87F2-691AD418A71B}.MinSizeRel|x64.ActiveCfg = MinSizeRel|x64
		{0D34D0EA-BE35-3D5F-87F2-691AD418A71B}.MinSizeRel|x64.Build.0 = MinSizeRel|x64
		{0D34D0EA-BE35-3D5F-87F2-691AD418A71B}.MinSizeRel|x86.ActiveCfg = MinSizeRel|Win32
		{0D34D0EA-BE35-3D5F-87F2-691AD418A71B}.MinSizeRel|x86.Build.0 = MinSizeRel|Win32
		{0D34D0EA-BE35-3D5F-87F2-691AD418A71B}.RelDebInfo32|Win32.ActiveCfg = RelDebInfo32|Win32
		{0D34D0EA-BE35-3D5F-87F2-691AD418A71B}.RelDebInfo32|Win32.Build.0 = RelDebInfo32|Win32
		{0D34D0EA-BE35-3D5F-87F2-691AD418A71B}.RelDebInfo32|x64.ActiveCfg = RelDebInfo32|x64
		{0D34D0EA-BE35-3D5F-87F2-691AD418A71B}.RelDebInfo32|x64.Build.0 = RelDebInfo32|x64
		{0D34D0EA-BE35-3D5F-87F2-691AD418A71B}.RelDebInfo32|x86.ActiveCfg = RelDebInfo32|Win32
		{0D34D0EA-BE35-3D5F-87F2-691AD418A71B}.RelDebInfo32|x86.Build.0 = RelDebInfo32|Win32
		{0D34D0EA-BE35-3D5F-87F2-691AD418A71B}.Release|Win32.ActiveCfg = Release|Win32
		{0D34D0EA-BE35-3D5F-87F2-691AD418A71B}.Release|Win32.Build.0 = Release|Win32
		{0D34D0EA-BE35-3D5F-87F2-691AD418A71B}.Release|x64.ActiveCfg = Release|x64
		{0D34D0EA-BE35-3D5F-87F2-691AD418A71B}.Release|x64.Build.0 = Release|x64
		{0D34D0EA-BE35-3D5F-87F2-691AD418A71B}.Release|x86.ActiveCfg = Release|Win32
		{0D34D0EA-BE35-3D5F-87F2-691AD418A71B}.Release|x86.Build.0 = Release|Win32
		{0D34D0EA-BE35-3D5F-87F2-691AD418A71B}.RelWithDebInfo|Win32.ActiveCfg = RelWithDebInfo|Win32
		{0D34D0EA-BE35-3D5F-87F2-691AD418A71B}.RelWithDebInfo|Win32.Build.0 = RelWithDebInfo|Win32
		{0D34D0EA-BE35-3D5F-87F2-691AD418A71B}.RelWithDebInfo|x64.ActiveCfg = RelWithDebInfo|x64
		{0D34D0EA-BE35-3D5F-87F2-691AD418A71B}.RelWithDebInfo|x64.Build.0 = RelWithDebInfo|x64
		{0D34D0EA-BE35-3D5F-87F2-691AD418A71B}.RelWithDebInfo|x86.ActiveCfg = RelWithDebInfo|Win32
		{0D34D0EA-BE35-3D5F-87F2-691AD418A71B}.RelWithDebInfo|x86.Build.0 = RelWithDebInfo|Win32
		{0AF4F3CE-F51B-3165-84BE-37526B4B2E9B}.Debug|Win32.ActiveCfg = Debug|Win32
		{0AF4F3CE-F51B-3165-84BE-37526B4B2E9B}.Debug|Win32.Build.0 = Debug|Win32
		{0AF4F3CE-F51B-3165-84BE-37526B4B2E9B}.Debug|x64.ActiveCfg = Debug|x64
		{0AF4F3CE-F51B-3165-84BE-37526B4B2E9B}.Debug|x64.Build.0 = Debug|x64
		{0AF4F3CE-F51B-3165-84BE-37526B4B2E9B}.Debug|x86.ActiveCfg = Debug|Win32
		{0AF4F3CE-F51B-3165-84BE-37526B4B2E9B}.Debug|x86.Build.0 = Debug|Win32
		{0AF4F3CE-F51B-3165-84BE-37526B4B2E9B}.MinSizeRel|Win32.ActiveCfg = MinSizeRel|Win32
		{0AF4F3CE-F51B-3165-84BE-37526B4B2E9B}.MinSizeRel|Win32.Build.0 = MinSizeRel|Win32
		{0AF4F3CE-F51B-3165-84BE-37526B4B2E9B}.MinSizeRel|x64.ActiveCfg = MinSizeRel|x64
		{0AF4F3CE-F51B-3165-84BE-37526B4B2E9B}.MinSizeRel|x64.Build.0 = MinSizeRel|x64
		{0AF4F3CE-F51B-3165-84BE-37526B4B2E9B}.MinSizeRel|x86.ActiveCfg = MinSizeRel|Win32
		{0AF4F3CE-F51B-3165-84BE-37526B4B2E9B}.MinSizeRel|x86.Build.0 = MinSizeRel|Win32
		{0AF4F3CE-F51B-3165-84BE-37526B4B2E9B}.RelDebInfo32|Win32.ActiveCfg = RelDebInfo32|Win32
		{0AF4F3CE-F51B-3165-84BE-37526B4B2E9B}.RelDebInfo32|Win32.Build.0 = RelDebInfo32|Win32
		{0AF4F3CE-F51B-3165-84BE-37526B4B2E9B}.RelDebInfo32|x64.ActiveCfg = RelDebInfo32|x64
		{0AF4F3CE-F51B-3165-84BE-37526B4B2E9B}.RelDebInfo32|x64.Build.0 = RelDebInfo32|x64
		{0AF4F3CE-F51B-3165-84BE-37526B4B2E9B}.RelDebInfo32|x86.ActiveCfg = RelDebInfo32|Win32
		{0AF4F3CE-F51B-3165-84BE-37526B4B2E9B}.RelDebInfo32|x86.Build.0 = RelDebInfo32|Win32
		{0AF4F3CE-F51B-3165-84BE-37526B4B2E9B}.Release|Win32.ActiveCfg = Release|Win32
		{0AF4F3CE-F51B-3165-84BE-37526B4B2E9B}.Release|Win32.Build.0 = Release|Win32
		{0AF4F3CE-F51B-3165-84BE-37526B4B2E9B}.Release|x64.ActiveCfg = Release|x64
		{0AF4F3CE-F51B-3165-84BE-37526B4B2E9B}.Release|x64.Build.0 = Release|x64
		{0AF4F3CE-F51B-3165-84BE-37526B4B2E9B}.Release|x86.ActiveCfg = Release|Win32
		{0AF4F3CE-F51B-3165-84BE-37526B4B2E9B}.Release|x86.Build.0 = Release|Win32
		{0AF4F3CE-F51B-3165-84BE-37526B4B2E9B}.RelWithDebInfo|Win32.ActiveCfg = RelWithDebInfo|Win32
		{0AF4F3CE-F51B-3165-84BE-37526B4B2E9B}.RelWithDebInfo|Win32.Build.0 = RelWithDebInfo|Win32
		{0AF4F3CE-F51B-3165-84BE-37526B4B2E9B}.RelWithDebInfo|x64.ActiveCfg = RelWithDebInfo|x64
		{0AF4F3CE-F51B-3165-84BE-37526B4B2E9B}.RelWithDebInfo|x64.Build.0 = RelWithDebInfo|x64
		{0AF4F3CE-F51B-3165-84BE-37526B4B2E9B}.RelWithDebInfo|x86.ActiveCfg = RelWithDebInfo|Win32
		{0AF4F3CE-F51B-3165-84BE-37526B4B2E9B}.RelWithDebInfo|x86.Build.0 = RelWithDebInfo|Win32
		{83D47E53-D66A-3BED-8E07-7BFD065EBFB4}.Debug|Win32.ActiveCfg = Debug|Win32
		{83D47E53-D66A-3BED-8E07-7BFD065EBFB4}.Debug|Win32.Build.0 = Debug|Win32
		{83D47E53-D66A-3BED-8E07-7BFD065EBFB4}.Debug|x64.ActiveCfg = Debug|x64
		{83D47E53-D66A-3BED-8E07-7BFD065EBFB4}.Debug|x64.Build.0 = Debug|x64
		{83D47E53-D66A-3BED-8E07-7BFD065EBFB4}.Debug|x86.ActiveCfg = Debug|Win32
		{83D47E53-D66A-3BED-8E07-7BFD065EBFB4}.Debug|x86.Build.0 = Debug|Win32
		{83D47E53-D66A-3BED-8E07-7BFD065EBFB4}.MinSizeRel|Win32.ActiveCfg = MinSizeRel|Win32
		{83D47E53-D66A-3BED-8E07-7BFD065EBFB4}.MinSizeRel|Win32.Build.0 = MinSizeRel|Win32
		{83D47E53-D66A-3BED-8E07-7BFD065EBFB4}.MinSizeRel|x64.ActiveCfg = MinSizeRel|x64
		{83D47E53-D66A-3BED-8E07-7BFD065EBFB4}.MinSizeRel|x64.Build.0 = MinSizeRel|x64
		{83D47E53-D66A-3BED-8E07-7BFD065EBFB4}.MinSizeRel|x86.ActiveCfg = MinSizeRel|Win32
		{83D47E53-D66A-3BED-8E07-7BFD065EBFB4}.MinSizeRel|x86.Build.0 = MinSizeRel|Win32
		{83D47E53-D66A-3BED-8E07-7BFD065EBFB4}.RelDebInfo32|Win32.ActiveCfg = RelDebInfo32|Win32
		{83D47E53-D66A-3BED-8E07-7BFD065EBFB4}.RelDebInfo32|Win32.Build.0 = RelDebInfo32|Win32
		{83D47E53-D66A-3BED-8E07-7BFD065EBFB4}.RelDebInfo32|x64.ActiveCfg = RelDebInfo32|x64
		{83D47E53-D66A-3BED-8E07-7BFD065EBFB4}.RelDebInfo32|x64.Build.0 = RelDebInfo32|x64
		{83D47E53-D66A-3BED-8E07-7BFD065EBFB4}.RelDebInfo32|x86.ActiveCfg = RelDebInfo32|Win32
		{83D47E53-D66A-3BED-8E07-7BFD065EBFB4}.RelDebInfo32|x86.Build.0 = RelDebInfo32|Win32
		{83D47E53-D66A-3BED-8E07-7BFD065EBFB4}.Release|Win32.ActiveCfg = Release|Win32
		{83D47E53-D66A-3BED-8E07-7BFD065EBFB4}.Release|Win32.Build.0 = Release|Win32
		{83D47E53-D66A-3BED-8E07-7BFD065EBFB4}.Release|x64.ActiveCfg = Release|x64
		{83D47E53-D66A-3BED-8E07-7BFD065EBFB4}.Release|x64.Build.0 = Release|x64
		{83D47E53-D66A-3BED-8E07-7BFD065EBFB4}.Release|x86.ActiveCfg = Release|Win32
		{83D47E53-D66A-3BED-8E07-7BFD065EBFB4}.Release|x86.Build.0 = Release|Win32
		{83D47E53-D66A-3BED-8E07-7BFD065EBFB4}.RelWithDebInfo|Win32.ActiveCfg = RelWithDebInfo|Win32
		{83D47E53-D66A-3BED-8E07-7BFD065EBFB4}.RelWithDebInfo|Win32.Build.0 = RelWithDebInfo|Win32
		{83D47E53-D66A-3BED-8E07-7BFD065EBFB4}.RelWithDebInfo|x64.ActiveCfg = RelWithDebInfo|x64
		{83D47E53-D66A-3BED-8E07-7BFD065EBFB4}.RelWithDebInfo|x64.Build.0 = RelWithDebInfo|x64
		{83D47E53-D66A-3BED-8E07-7BFD065EBFB4}.RelWithDebInfo|x86.ActiveCfg = RelWithDebInfo|Win32
		{83D47E53-D66A-3BED-8E07-7BFD065EBFB4}.RelWithDebInfo|x86.Build.0 = RelWithDebInfo|Win32
		{B544C41C-D2D6-3CBC-92F5-D4B30610326C}.Debug|Win32.ActiveCfg = Debug|Win32
		{B544C41C-D2D6-3CBC-92F5-D4B30610326C}.Debug|Win32.Build.0 = Debug|Win32
		{B544C41C-D2D6-3CBC-92F5-D4B30610326C}.Debug|x64.ActiveCfg = Debug|x64
		{B544C41C-D2D6-3CBC-92F5-D4B30610326C}.Debug|x64.Build.0 = Debug|x64
		{B544C41C-D2D6-3CBC-92F5-D4B30610326C}.Debug|x86.ActiveCfg = Debug|Win32
		{B544C41C-D2D6-3CBC-92F5-D4B30610326C}.Debug|x86.Build.0 = Debug|Win32
		{B544C41C-D2D6-3CBC-92F5-D4B30610326C}.MinSizeRel|Win32.ActiveCfg = MinSizeRel|Win32
		{B544C41C-D2D6-3CBC-92F5-D4B30610326C}.MinSizeRel|Win32.Build.0 = MinSizeRel|Win32
		{B544C41C-D2D6-3CBC-92F5-D4B30610326C}.MinSizeRel|x64.ActiveCfg = MinSizeRel|x64
		{B544C41C-D2D6-3CBC-92F5-D4B30610326C}.MinSizeRel|x64.Build.0 = MinSizeRel|x64
		{B544C41C-D2D6-3CBC-92F5-D4B30610326C}.MinSizeRel|x86.ActiveCfg = MinSizeRel|Win32
		{B544C41C-D2D6-3CBC-92F5-D4B30610326C}.MinSizeRel|x86.Build.0 = MinSizeRel|Win32
		{B544C41C-D2D6-3CBC-92F5-D4B30610326C}.RelDebInfo32|Win32.ActiveCfg = RelDebInfo32|Win32
		{B544C41C-D2D6-3CBC-92F5-D4B30610326C}.RelDebInfo32|Win32.Build.0 = RelDebInfo32|Win32
		{B544C41C-D2D6-3CBC-92F5-D4B30610326C}.RelDebInfo32|x64.ActiveCfg = RelDebInfo32|x64
		{B544C41C-D2D6-3CBC-92F5-D4B30610326C}.RelDebInfo32|x64.Build.0 = RelDebInfo32|x64
		{B544C41C-D2D6-3CBC-92F5-D4B30610326C}.RelDebInfo32|x86.ActiveCfg = RelDebInfo32|Win32
		{B544C41C-D2D6-3CBC-92F5-D4B30610326C}.RelDebInfo32|x86.Build.0 = RelDebInfo32|Win32
		{B544C41C-D2D6-3CBC-92F5-D4B30610326C}.Release|Win32.ActiveCfg = Release|Win32
		{B544C41C-D2D6-3CBC-92F5-D4B30610326C}.Release|Win32.Build.0 = Release|Win32
		{B544C41C-D2D6-3CBC-92F5-D4B30610326C}.Release|x64.ActiveCfg = Release|x64
		{B544C41C-D2D6-3CBC-92F5-D4B30610326C}.Release|x64.Build.0 = Release|x64
		{B544C41C-D2D6-3CBC-92F5-D4B30610326C}.Release|x86.ActiveCfg = Release|Win32
		{B544C41C-D2D6-3CBC-92F5-D4B30610326C}.Release|x86.Build.0 = Release|Win32
		{B544C41C-D2D6-3CBC-92F5-D4B30610326C}.RelWithDebInfo|Win32.ActiveCfg = RelWithDebInfo|Win32
		{B544C41C-D2D6-3CBC-92F5-D4B30610326C}.RelWithDebInfo|Win32.Build.0 = RelWithDebInfo|Win32
		{B544C41C-D2D6-3CBC-92F5-D4B30610326C}.RelWithDebInfo|x64.ActiveCfg = RelWithDebInfo|x64
		{B544C41C-D2D6-3CBC-92F5-D4B30610326C}.RelWithDebInfo|x64.Build.0 = RelWithDebInfo|x64
		{B544C41C-D2D6-3CBC-92F5-D4B30610326C}.RelWithDebInfo|x86.ActiveCfg = RelWithDebInfo|Win32
		{B544C41C-D2D6-3CBC-92F5-D4B30610326C}.RelWithDebInfo|x86.Build.0 = RelWithDebInfo|Win32
		{816F2661-9E8C-30D0-B55B-BA83B27BDEF0}.Debug|Win32.ActiveCfg = Debug|Win32
		{816F2661-9E8C-30D0-B55B-BA83B27BDEF0}.Debug|Win32.Build.0 = Debug|Win32
		{816F2661-9E8C-30D0-B55B-BA83B27BDEF0}.Debug|x64.ActiveCfg = Debug|x64
		{816F2661-9E8C-30D0-B55B-BA83B27BDEF0}.Debug|x64.Build.0 = Debug|x64
		{816F2661-9E8C-30D0-B55B-BA83B27BDEF0}.Debug|x86.ActiveCfg = Debug|Win32
		{816F2661-9E8C-30D0-B55B-BA83B27BDEF0}.Debug|x86.Build.0 = Debug|Win32
		{816F2661-9E8C-30D0-B55B-BA83B27BDEF0}.MinSizeRel|Win32.ActiveCfg = MinSizeRel|Win32
		{816F2661-9E8C-30D0-B55B-BA83B27BDEF0}.MinSizeRel|Win32.Build.0 = MinSizeRel|Win32
		{816F2661-9E8C-30D0-B55B-BA83B27BDEF0}.MinSizeRel|x64.ActiveCfg = MinSizeRel|x64
		{816F2661-9E8C-30D0-B55B-BA83B27BDEF0}.MinSizeRel|x64.Build.0 = MinSizeRel|x64
		{816F2661-9E8C-30D0-B55B-BA83B27BDEF0}.MinSizeRel|x86.ActiveCfg = MinSizeRel|Win32
		{816F2661-9E8C-30D0-B55B-BA83B27BDEF0}.MinSizeRel|x86.Build.0 = MinSizeRel|Win32
		{816F2661-9E8C-30D0-B55B-BA83B27BDEF0}.RelDebInfo32|Win32.ActiveCfg = RelDebInfo32|Win32
		{816F2661-9E8C-30D0-B55B-BA83B27BDEF0}.RelDebInfo32|Win32.Build.0 = RelDebInfo32|Win32
		{816F2661-9E8C-30D0-B55B-BA83B27BDEF0}.RelDebInfo32|x64.ActiveCfg = RelDebInfo32|x64
		{816F2661-9E8C-30D0-B55B-BA83B27BDEF0}.RelDebInfo32|x64.Build.0 = RelDebInfo32|x64
		{816F2661-9E8C-30D0-B55B-BA83B27BDEF0}.RelDebInfo32|x86.ActiveCfg = RelDebInfo32|Win32
		{816F2661-9E8C-30D0-B55B-BA83B27BDEF0}.RelDebInfo32|x86.Build.0 = RelDebInfo32|Win32
		{816F2661-9E8C-30D0-B55B-BA83B27BDEF0}.Release|Win32.ActiveCfg = Release|Win32
		{816F2661-9E8C-30D0-B55B-BA83B27BDEF0}.Release|Win32.Build.0 = Release|Win32
		{816F2661-9E8C-30D0-B55B-BA83B27BDEF0}.Release|x64.ActiveCfg = Release|x64
		{816F2661-9E8C-30D0-B55B-BA83B27BDEF0}.Release|x64.Build.0 = Release|x64
		{816F2661-9E8C-30D0-B55B-BA83B27BDEF0}.Release|x86.ActiveCfg = Release|Win32
		{816F2661-9E8C-30D0-B55B-BA83B27BDEF0}.Release|x86.Build.0 = Release|Win32
		{816F2661-9E8C-30D0-B55B-BA83B27BDEF0}.RelWithDebInfo|Win32.ActiveCfg = RelWithDebInfo|Win32
		{816F2661-9E8C-30D0-B55B-BA83B27BDEF0}.RelWithDebInfo|Win32.Build.0 = RelWithDebInfo|Win32
		{816F2661-9E8C-30D0-B55B-BA83B27BDEF0}.RelWithDebInfo|x64.ActiveCfg = RelWithDebInfo|x64
		{816F2661-9E8C-30D0-B55B-BA83B27BDEF0}.RelWithDebInfo|x64.Build.0 = RelWithDebInfo|x64
		{816F2661-9E8C-30D0-B55B-BA83B27BDEF0}.RelWithDebInfo|x86.ActiveCfg = RelWithDebInfo|Win32
		{816F2661-9E8C-30D0-B55B-BA83B27BDEF0}.RelWithDebInfo|x86.Build.0 = RelWithDebInfo|Win32
		{66EF1B0A-800A-31BC-98B9-B10423DBD79B}.Debug|Win32.ActiveCfg = Debug|Win32
		{66EF1B0A-800A-31BC-98B9-B10423DBD79B}.Debug|Win32.Build.0 = Debug|Win32
		{66EF1B0A-800A-31BC-98B9-B10423DBD79B}.Debug|x64.ActiveCfg = Debug|x64
		{66EF1B0A-800A-31BC-98B9-B10423DBD79B}.Debug|x64.Build.0 = Debug|x64
		{66EF1B0A-800A-31BC-98B9-B10423DBD79B}.Debug|x86.ActiveCfg = Debug|Win32
		{66EF1B0A-800A-31BC-98B9-B10423DBD79B}.Debug|x86.Build.0 = Debug|Win32
		{66EF1B0A-800A-31BC-98B9-B10423DBD79B}.MinSizeRel|Win32.ActiveCfg = MinSizeRel|Win32
		{66EF1B0A-800A-31BC-98B9-B10423DBD79B}.MinSizeRel|Win32.Build.0 = MinSizeRel|Win32
		{66EF1B0A-800A-31BC-98B9-B10423DBD79B}.MinSizeRel|x64.ActiveCfg = MinSizeRel|x64
		{66EF1B0A-800A-31BC-98B9-B10423DBD79B}.MinSizeRel|x64.Build.0 = MinSizeRel|x64
		{66EF1B0A-800A-31BC-98B9-B10423DBD79B}.MinSizeRel|x86.ActiveCfg = MinSizeRel|Win32
		{66EF1B0A-800A-31BC-98B9-B10423DBD79B}.MinSizeRel|x86.Build.0 = MinSizeRel|Win32
		{66EF1B0A-800A-31BC-98B9-B10423DBD79B}.RelDebInfo32|Win32.ActiveCfg = RelDebInfo32|Win32
		{66EF1B0A-800A-31BC-98B9-B10423DBD79B}.RelDebInfo32|Win32.Build.0 = RelDebInfo32|Win32
		{66EF1B0A-800A-31BC-98B9-B10423DBD79B}.RelDebInfo32|x64.ActiveCfg = RelDebInfo32|x64
		{66EF1B0A-800A-31BC-98B9-B10423DBD79B}.RelDebInfo32|x64.Build.0 = RelDebInfo32|x64
		{66EF1B0A-800A-31BC-98B9-B10423DBD79B}.RelDebInfo32|x86.ActiveCfg = RelDebInfo32|Win32
		{66EF1B0A-800A-31BC-98B9-B10423DBD79B}.RelDebInfo32|x86.Build.0 = RelDebInfo32|Win32
		{66EF1B0A-800A-31BC-98B9-B10423DBD79B}.Release|Win32.ActiveCfg = Release|Win32
		{66EF1B0A-800A-31BC-98B9-B10423DBD79B}.Release|Win32.Build.0 = Release|Win32
		{66EF1B0A-800A-31BC-98B9-B10423DBD79B}.Release|x64.ActiveCfg = Release|x64
		{66EF1B0A-800A-31BC-98B9-B10423DBD79B}.Release|x64.Build.0 = Release|x64
		{66EF1B0A-800A-31BC-98B9-B10423DBD79B}.Release|x86.ActiveCfg = Release|Win32
		{66EF1B0A-800A-31BC-98B9-B10423DBD79B}.Release|x86.Build.0 = Release|Win32
		{66EF1B0A-800A-31BC-98B9-B10423DBD79B}.RelWithDebInfo|Win32.ActiveCfg = RelWithDebInfo|Win32
		{66EF1B0A-800A-31BC-98B9-B10423DBD79B}.RelWithDebInfo|Win32.Build.0 = RelWithDebInfo|Win32
		{66EF1B0A-800A-31BC-98B9-B10423DBD79B}.RelWithDebInfo|x64.ActiveCfg = RelWithDebInfo|x64
		{66EF1B0A-800A-31BC-98B9-B10423DBD79B}.RelWithDebInfo|x64.Build.0 = RelWithDebInfo|x64
		{66EF1B0A-800A-31BC-98B9-B10423DBD79B}.RelWithDebInfo|x86.ActiveCfg = RelWithDebInfo|Win32
		{66EF1B0A-800A-31BC-98B9-B10423DBD79B}.RelWithDebInfo|x86.Build.0 = RelWithDebInfo|Win32
		{1EC7786E-82CC-3082-8A6A-8A1875933CDE}.Debug|Win32.ActiveCfg = Debug|Win32
		{1EC7786E-82CC-3082-8A6A-8A1875933CDE}.Debug|Win32.Build.0 = Debug|Win32
		{1EC7786E-82CC-3082-8A6A-8A1875933CDE}.Debug|x64.ActiveCfg = Debug|x64
		{1EC7786E-82CC-3082-8A6A-8A1875933CDE}.Debug|x64.Build.0 = Debug|x64
		{1EC7786E-82CC-3082-8A6A-8A1875933CDE}.Debug|x86.ActiveCfg = Debug|Win32
		{1EC7786E-82CC-3082-8A6A-8A1875933CDE}.Debug|x86.Build.0 = Debug|Win32
		{1EC7786E-82CC-3082-8A6A-8A1875933CDE}.MinSizeRel|Win32.ActiveCfg = MinSizeRel|Win32
		{1EC7786E-82CC-3082-8A6A-8A1875933CDE}.MinSizeRel|Win32.Build.0 = MinSizeRel|Win32
		{1EC7786E-82CC-3082-8A6A-8A1875933CDE}.MinSizeRel|x64.ActiveCfg = MinSizeRel|x64
		{1EC7786E-82CC-3082-8A6A-8A1875933CDE}.MinSizeRel|x64.Build.0 = MinSizeRel|x64
		{1EC7786E-82CC-3082-8A6A-8A1875933CDE}.MinSizeRel|x86.ActiveCfg = MinSizeRel|Win32
		{1EC7786E-82CC-3082-8A6A-8A1875933CDE}.MinSizeRel|x86.Build.0 = MinSizeRel|Win32
		{1EC7786E-82CC-3082-8A6A-8A1875933CDE}.RelDebInfo32|Win32.ActiveCfg = RelDebInfo32|Win32
		{1EC7786E-82CC-3082-8A6A-8A1875933CDE}.RelDebInfo32|Win32.Build.0 = RelDebInfo32|Win32
		{1EC7786E-82CC-3082-8A6A-8A1875933CDE}.RelDebInfo32|x64.ActiveCfg = RelDebInfo32|x64
		{1EC7786E-82CC-3082-8A6A-8A1875933CDE}.RelDebInfo32|x64.Build.0 = RelDebInfo32|x64
		{1EC7786E-82CC-3082-8A6A-8A1875933CDE}.RelDebInfo32|x86.ActiveCfg = RelDebInfo32|Win32
		{1EC7786E-82CC-3082-8A6A-8A1875933CDE}.RelDebInfo32|x86.Build.0 = RelDebInfo32|Win32
		{1EC7786E-82CC-3082-8A6A-8A1875933CDE}.Release|Win32.ActiveCfg = Release|Win32
		{1EC7786E-82CC-3082-8A6A-8A1875933CDE}.Release|Win32.Build.0 = Release|Win32
		{1EC7786E-82CC-3082-8A6A-8A1875933CDE}.Release|x64.ActiveCfg = Release|x64
		{1EC7786E-82CC-3082-8A6A-8A1875933CDE}.Release|x64.Build.0 = Release|x64
		{1EC7786E-82CC-3082-8A6A-8A1875933CDE}.Release|x86.ActiveCfg = Release|Win32
		{1EC7786E-82CC-3082-8A6A-8A1875933CDE}.Release|x86.Build.0 = Release|Win32
		{1EC7786E-82CC-3082-8A6A-8A1875933CDE}.RelWithDebInfo|Win32.ActiveCfg = RelWithDebInfo|Win32
		{1EC7786E-82CC-3082-8A6A-8A1875933CDE}.RelWithDebInfo|Win32.Build.0 = RelWithDebInfo|Win32
		{1EC7786E-82CC-3082-8A6A-8A1875933CDE}.RelWithDebInfo|x64.ActiveCfg = RelWithDebInfo|x64
		{1EC7786E-82CC-3082-8A6A-8A1875933CDE}.RelWithDebInfo|x64.Build.0 = RelWithDebInfo|x64
		{1EC7786E-82CC-3082-8A6A-8A1875933CDE}.RelWithDebInfo|x86.ActiveCfg = RelWithDebInfo|Win32
		{1EC7786E-82CC-3082-8A6A-8A1875933CDE}.RelWithDebInfo|x86.Build.0 = RelWithDebInfo|Win32
		{FA382176-6112-3826-AF3A-AAD52A29818E}.Debug|Win32.ActiveCfg = Debug|Win32
		{FA382176-6112-3826-AF3A-AAD52A29818E}.Debug|Win32.Build.0 = Debug|Win32
		{FA382176-6112-3826-AF3A-AAD52A29818E}.Debug|x64.ActiveCfg = Debug|x64
		{FA382176-6112-3826-AF3A-AAD52A29818E}.Debug|x64.Build.0 = Debug|x64
		{FA382176-6112-3826-AF3A-AAD52A29818E}.Debug|x86.ActiveCfg = Debug|Win32
		{FA382176-6112-3826-AF3A-AAD52A29818E}.Debug|x86.Build.0 = Debug|Win32
		{FA382176-6112-3826-AF3A-AAD52A29818E}.MinSizeRel|Win32.ActiveCfg = MinSizeRel|Win32
		{FA382176-6112-3826-AF3A-AAD52A29818E}.MinSizeRel|Win32.Build.0 = MinSizeRel|Win32
		{FA382176-6112-3826-AF3A-AAD52A29818E}.MinSizeRel|x64.ActiveCfg = MinSizeRel|x64
		{FA382176-6112-3826-AF3A-AAD52A29818E}.MinSizeRel|x64.Build.0 = MinSizeRel|x64
		{FA382176-6112-3826-AF3A-AAD52A29818E}.MinSizeRel|x86.ActiveCfg = MinSizeRel|Win32
		{FA382176-6112-3826-AF3A-AAD52A29818E}.MinSizeRel|x86.Build.0 = MinSizeRel|Win32
		{FA382176-6112-3826-AF3A-AAD52A29818E}.RelDebInfo32|Win32.ActiveCfg = RelDebInfo32|Win32
		{FA382176-6112-3826-AF3A-AAD52A29818E}.RelDebInfo32|Win32.Build.0 = RelDebInfo32|Win32
		{FA382176-6112-3826-AF3A-AAD52A29818E}.RelDebInfo32|x64.ActiveCfg = RelDebInfo32|x64
		{FA382176-6112-3826-AF3A-AAD52A29818E}.RelDebInfo32|x64.Build.0 = RelDebInfo32|x64
		{FA382176-6112-3826-AF3A-AAD52A29818E}.RelDebInfo32|x86.ActiveCfg = RelDebInfo32|Win32
		{FA382176-6112-3826-AF3A-AAD52A29818E}.RelDebInfo32|x86.Build.0 = RelDebInfo32|Win32
		{FA382176-6112-3826-AF3A-AAD52A29818E}.Release|Win32.ActiveCfg = Release|Win32
		{FA382176-6112-3826-AF3A-AAD52A29818E}.Release|Win32.Build.0 = Release|Win32
		{FA382176-6112-3826-AF3A-AAD52A29818E}.Release|x64.ActiveCfg = Release|x64
		{FA382176-6112-3826-AF3A-AAD52A29818E}.Release|x64.Build.0 = Release|x64
		{FA382176-6112-3826-AF3A-AAD52A29818E}.Release|x86.ActiveCfg = Release|Win32
		{FA382176-6112-3826-AF3A-AAD52A29818E}.Release|x86.Build.0 = Release|Win32
		{FA382176-6112-3826-AF3A-AAD52A29818E}.RelWithDebInfo|Win32.ActiveCfg = RelWithDebInfo|Win32
		{FA382176-6112-3826-AF3A-AAD52A29818E}.RelWithDebInfo|Win32.Build.0 = RelWithDebInfo|Win32
		{FA382176-6112-3826-AF3A-AAD52A29818E}.RelWithDebInfo|x64.ActiveCfg = RelWithDebInfo|x64
		{FA382176-6112-3826-AF3A-AAD52A29818E}.RelWithDebInfo|x64.Build.0 = RelWithDebInfo|x64
		{FA382176-6112-3826-AF3A-AAD52A29818E}.RelWithDebInfo|x86.ActiveCfg = RelWithDebInfo|Win32
		{FA382176-6112-3826-AF3A-AAD52A29818E}.RelWithDebInfo|x86.Build.0 = RelWithDebInfo|Win32
		{6D25FA92-4586-31C8-8103-35D0433E6404}.Debug|Win32.ActiveCfg = Debug|Win32
		{6D25FA92-4586-31C8-8103-35D0433E6404}.Debug|Win32.Build.0 = Debug|Win32
		{6D25FA92-4586-31C8-8103-35D0433E6404}.Debug|x64.ActiveCfg = Debug|x64
		{6D25FA92-4586-31C8-8103-35D0433E6404}.Debug|x64.Build.0 = Debug|x64
		{6D25FA92-4586-31C8-8103-35D0433E6404}.Debug|x86.ActiveCfg = Debug|Win32
		{6D25FA92-4586-31C8-8103-35D0433E6404}.Debug|x86.Build.0 = Debug|Win32
		{6D25FA92-4586-31C8-8103-35D0433E6404}.MinSizeRel|Win32.ActiveCfg = MinSizeRel|Win32
		{6D25FA92-4586-31C8-8103-35D0433E6404}.MinSizeRel|Win32.Build.0 = MinSizeRel|Win32
		{6D25FA92-4586-31C8-8103-35D0433E6404}.MinSizeRel|x64.ActiveCfg = MinSizeRel|x64
		{6D25FA92-4586-31C8-8103-35D0433E6404}.MinSizeRel|x64.Build.0 = MinSizeRel|x64
		{6D25FA92-4586-31C8-8103-35D0433E6404}.MinSizeRel|x86.ActiveCfg = MinSizeRel|Win32
		{6D25FA92-4586-31C8-8103-35D0433E6404}.MinSizeRel|x86.Build.0 = MinSizeRel|Win32
		{6D25FA92-4586-31C8-8103-35D0433E6404}.RelDebInfo32|Win32.ActiveCfg = RelDebInfo32|Win32
		{6D25FA92-4586-31C8-8103-35D0433E6404}.RelDebInfo32|Win32.Build.0 = RelDebInfo32|Win32
		{6D25FA92-4586-31C8-8103-35D0433E6404}.RelDebInfo32|x64.ActiveCfg = RelDebInfo32|x64
		{6D25FA92-4586-31C8-8103-35D0433E6404}.RelDebInfo32|x64.Build.0 = RelDebInfo32|x64
		{6D25FA92-4586-31C8-8103-35D0433E6404}.RelDebInfo32|x86.ActiveCfg = RelDebInfo32|Win32
		{6D25FA92-4586-31C8-8103-35D0433E6404}.RelDebInfo32|x86.Build.0 = RelDebInfo32|Win32
		{6D25FA92-4586-31C8-8103-35D0433E6404}.Release|Win32.ActiveCfg = Release|Win32
		{6D25FA92-4586-31C8-8103-35D0433E6404}.Release|Win32.Build.0 = Release|Win32
		{6D25FA92-4586-31C8-8103-35D0433E6404}.Release|x64.ActiveCfg = Release|x64
		{6D25FA92-4586-31C8-8103-35D0433E6404}.Release|x64.Build.0 = Release|x64
		{6D25FA92-4586-31C8-8103-35D0433E6404}.Release|x86.ActiveCfg = Release|Win32
		{6D25FA92-4586-31C8-8103-35D0433E6404}.Release|x86.Build.0 = Release|Win32
		{6D25FA92-4586-31C8-8103-35D0433E6404}.RelWithDebInfo|Win32.ActiveCfg = RelWithDebInfo|Win32
		{6D25FA92-4586-31C8-8103-35D0433E6404}.RelWithDebInfo|Win32.Build.0 = RelWithDebInfo|Win32
		{6D25FA92-4586-31C8-8103-35D0433E6404}.RelWithDebInfo|x64.ActiveCfg = RelWithDebInfo|x64
		{6D25FA92-4586-31C8-8103-35D0433E6404}.RelWithDebInfo|x64.Build.0 = RelWithDebInfo|x64
		{6D25FA92-4586-31C8-8103-35D0433E6404}.RelWithDebInfo|x86.ActiveCfg = RelWithDebInfo|Win32
		{6D25FA92-4586-31C8-8103-35D0433E6404}.RelWithDebInfo|x86.Build.0 = RelWithDebInfo|Win32
		{35A714DB-142A-3871-B6F6-9715AA6EEC5D}.Debug|Win32.ActiveCfg = Debug|Win32
		{35A714DB-142A-3871-B6F6-9715AA6EEC5D}.Debug|Win32.Build.0 = Debug|Win32
		{35A714DB-142A-3871-B6F6-9715AA6EEC5D}.Debug|x64.ActiveCfg = Debug|x64
		{35A714DB-142A-3871-B6F6-9715AA6EEC5D}.Debug|x64.Build.0 = Debug|x64
		{35A714DB-142A-3871-B6F6-9715AA6EEC5D}.Debug|x86.ActiveCfg = Debug|Win32
		{35A714DB-142A-3871-B6F6-9715AA6EEC5D}.Debug|x86.Build.0 = Debug|Win32
		{35A714DB-142A-3871-B6F6-9715AA6EEC5D}.MinSizeRel|Win32.ActiveCfg = MinSizeRel|Win32
		{35A714DB-142A-3871-B6F6-9715AA6EEC5D}.MinSizeRel|Win32.Build.0 = MinSizeRel|Win32
		{35A714DB-142A-3871-B6F6-9715AA6EEC5D}.MinSizeRel|x64.ActiveCfg = MinSizeRel|x64
		{35A714DB-142A-3871-B6F6-9715AA6EEC5D}.MinSizeRel|x64.Build.0 = MinSizeRel|x64
		{35A714DB-142A-3871-B6F6-9715AA6EEC5D}.MinSizeRel|x86.ActiveCfg = MinSizeRel|Win32
		{35A714DB-142A-3871-B6F6-9715AA6EEC5D}.MinSizeRel|x86.Build.0 = MinSizeRel|Win32
		{35A714DB-142A-3871-B6F6-9715AA6EEC5D}.RelDebInfo32|Win32.ActiveCfg = RelDebInfo32|Win32
		{35A714DB-142A-3871-B6F6-9715AA6EEC5D}.RelDebInfo32|Win32.Build.0 = RelDebInfo32|Win32
		{35A714DB-142A-3871-B6F6-9715AA6EEC5D}.RelDebInfo32|x64.ActiveCfg = RelDebInfo32|x64
		{35A714DB-142A-3871-B6F6-9715AA6EEC5D}.RelDebInfo32|x64.Build.0 = RelDebInfo32|x64
		{35A714DB-142A-3871-B6F6-9715AA6EEC5D}.RelDebInfo32|x86.ActiveCfg = RelDebInfo32|Win32
		{35A714DB-142A-3871-B6F6-9715AA6EEC5D}.RelDebInfo32|x86.Build.0 = RelDebInfo32|Win32
		{35A714DB-142A-3871-B6F6-9715AA6EEC5D}.Release|Win32.ActiveCfg = Release|Win32
		{35A714DB-142A-3871-B6F6-9715AA6EEC5D}.Release|Win32.Build.0 = Release|Win32
		{35A714DB-142A-3871-B6F6-9715AA6EEC5D}.Release|x64.ActiveCfg = Release|x64
		{35A714DB-142A-3871-B6F6-9715AA6EEC5D}.Release|x64.Build.0 = Release|x64
		{35A714DB-142A-3871-B6F6-9715AA6EEC5D}.Release|x86.ActiveCfg = Release|Win32
		{35A714DB-142A-3871-B6F6-9715AA6EEC5D}.Release|x86.Build.0 = Release|Win32
		{35A714DB-142A-3871-B6F6-9715AA6EEC5D}.RelWithDebInfo|Win32.ActiveCfg = RelWithDebInfo|Win32
		{35A714DB-142A-3871-B6F6-9715AA6EEC5D}.RelWithDebInfo|Win32.Build.0 = RelWithDebInfo|Win32
		{35A714DB-142A-3871-B6F6-9715AA6EEC5D}.RelWithDebInfo|x64.ActiveCfg = RelWithDebInfo|x64
		{35A714DB-142A-3871-B6F6-9715AA6EEC5D}.RelWithDebInfo|x64.Build.0 = RelWithDebInfo|x64
		{35A714DB-142A-3871-B6F6-9715AA6EEC5D}.RelWithDebInfo|x86.ActiveCfg = RelWithDebInfo|Win32
		{35A714DB-142A-3871-B6F6-9715AA6EEC5D}.RelWithDebInfo|x86.Build.0 = RelWithDebInfo|Win32
		{1375DE0C-D95F-3106-B372-E868B229CE33}.Debug|Win32.ActiveCfg = Debug|Win32
		{1375DE0C-D95F-3106-B372-E868B229CE33}.Debug|Win32.Build.0 = Debug|Win32
		{1375DE0C-D95F-3106-B372-E868B229CE33}.Debug|x64.ActiveCfg = Debug|x64
		{1375DE0C-D95F-3106-B372-E868B229CE33}.Debug|x64.Build.0 = Debug|x64
		{1375DE0C-D95F-3106-B372-E868B229CE33}.Debug|x86.ActiveCfg = Debug|Win32
		{1375DE0C-D95F-3106-B372-E868B229CE33}.Debug|x86.Build.0 = Debug|Win32
		{1375DE0C-D95F-3106-B372-E868B229CE33}.MinSizeRel|Win32.ActiveCfg = MinSizeRel|Win32
		{1375DE0C-D95F-3106-B372-E868B229CE33}.MinSizeRel|Win32.Build.0 = MinSizeRel|Win32
		{1375DE0C-D95F-3106-B372-E868B229CE33}.MinSizeRel|x64.ActiveCfg = MinSizeRel|x64
		{1375DE0C-D95F-3106-B372-E868B229CE33}.MinSizeRel|x64.Build.0 = MinSizeRel|x64
		{1375DE0C-D95F-3106-B372-E868B229CE33}.MinSizeRel|x86.ActiveCfg = MinSizeRel|Win32
		{1375DE0C-D95F-3106-B372-E868B229CE33}.MinSizeRel|x86.Build.0 = MinSizeRel|Win32
		{1375DE0C-D95F-3106-B372-E868B229CE33}.RelDebInfo32|Win32.ActiveCfg = RelDebInfo32|Win32
		{1375DE0C-D95F-3106-B372-E868B229CE33}.RelDebInfo32|Win32.Build.0 = RelDebInfo32|Win32
		{1375DE0C-D95F-3106-B372-E868B229CE33}.RelDebInfo32|x64.ActiveCfg = RelDebInfo32|x64
		{1375DE0C-D95F-3106-B372-E868B229CE33}.RelDebInfo32|x64.Build.0 = RelDebInfo32|x64
		{1375DE0C-D95F-3106-B372-E868B229CE33}.RelDebInfo32|x86.ActiveCfg = RelDebInfo32|Win32
		{1375DE0C-D95F-3106-B372-E868B229CE33}.RelDebInfo32|x86.Build.0 = RelDebInfo32|Win32
		{1375DE0C-D95F-3106-B372-E868B229CE33}.Release|Win32.ActiveCfg = Release|Win32
		{1375DE0C-D95F-3106-B372-E868B229CE33}.Release|Win32.Build.0 = Release|Win32
		{1375DE0C-D95F-3106-B372-E868B229CE33}.Release|x64.ActiveCfg = Release|x64
		{1375DE0C-D95F-3106-B372-E868B229CE33}.Release|x64.Build.0 = Release|x64
		{1375DE0C-D95F-3106-B372-E868B229CE33}.Release|x86.ActiveCfg = Release|Win32
		{1375DE0C-D95F-3106-B372-E868B229CE33}.Release|x86.Build.0 = Release|Win32
		{1375DE0C-D95F-3106-B372-E868B229CE33}.RelWithDebInfo|Win32.ActiveCfg = RelWithDebInfo|Win32
		{1375DE0C-D95F-3106-B372-E868B229CE33}.RelWithDebInfo|Win32.Build.0 = RelWithDebInfo|Win32
		{1375DE0C-D95F-3106-B372-E868B229CE33}.RelWithDebInfo|x64.ActiveCfg = RelWithDebInfo|x64
		{1375DE0C-D95F-3106-B372-E868B229CE33}.RelWithDebInfo|x64.Build.0 = RelWithDebInfo|x64
		{1375DE0C-D95F-3106-B372-E868B229CE33}.RelWithDebInfo|x86.ActiveCfg = RelWithDebInfo|Win32
		{1375DE0C-D95F-3106-B372-E868B229CE33}.RelWithDebInfo|x86.Build.0 = RelWithDebInfo|Win32
		{FA446FFB-4A5C-395F-9E53-F99288111CD8}.Debug|Win32.ActiveCfg = Debug|Win32
		{FA446FFB-4A5C-395F-9E53-F99288111CD8}.Debug|Win32.Build.0 = Debug|Win32
		{FA446FFB-4A5C-395F-9E53-F99288111CD8}.Debug|x64.ActiveCfg = Debug|x64
		{FA446FFB-4A5C-395F-9E53-F99288111CD8}.Debug|x64.Build.0 = Debug|x64
		{FA446FFB-4A5C-395F-9E53-F99288111CD8}.Debug|x86.ActiveCfg = Debug|Win32
		{FA446FFB-4A5C-395F-9E53-F99288111CD8}.Debug|x86.Build.0 = Debug|Win32
		{FA446FFB-4A5C-395F-9E53-F99288111CD8}.MinSizeRel|Win32.ActiveCfg = MinSizeRel|Win32
		{FA446FFB-4A5C-395F-9E53-F99288111CD8}.MinSizeRel|Win32.Build.0 = MinSizeRel|Win32
		{FA446FFB-4A5C-395F-9E53-F99288111CD8}.MinSizeRel|x64.ActiveCfg = MinSizeRel|x64
		{FA446FFB-4A5C-395F-9E53-F99288111CD8}.MinSizeRel|x64.Build.0 = MinSizeRel|x64
		{FA446FFB-4A5C-395F-9E53-F99288111CD8}.MinSizeRel|x86.ActiveCfg = MinSizeRel|Win32
		{FA446FFB-4A5C-395F-9E53-F99288111CD8}.MinSizeRel|x86.Build.0 = MinSizeRel|Win32
		{FA446FFB-4A5C-395F-9E53-F99288111CD8}.RelDebInfo32|Win32.ActiveCfg = RelDebInfo32|Win32
		{FA446FFB-4A5C-395F-9E53-F99288111CD8}.RelDebInfo32|Win32.Build.0 = RelDebInfo32|Win32
		{FA446FFB-4A5C-395F-9E53-F99288111CD8}.RelDebInfo32|x64.ActiveCfg = RelDebInfo32|x64
		{FA446FFB-4A5C-395F-9E53-F99288111CD8}.RelDebInfo32|x64.Build.0 = RelDebInfo32|x64
		{FA446FFB-4A5C-395F-9E53-F99288111CD8}.RelDebInfo32|x86.ActiveCfg = RelDebInfo32|Win32
		{FA446FFB-4A5C-395F-9E53-F99288111CD8}.RelDebInfo32|x86.Build.0 = RelDebInfo32|Win32
		{FA446FFB-4A5C-395F-9E53-F99288111CD8}.Release|Win32.ActiveCfg = Release|Win32
		{FA446FFB-4A5C-395F-9E53-F99288111CD8}.Release|Win32.Build.0 = Release|Win32
		{FA446FFB-4A5C-395F-9E53-F99288111CD8}.Release|x64.ActiveCfg = Release|x64
		{FA446FFB-4A5C-395F-9E53-F99288111CD8}.Release|x64.Build.0 = Release|x64
		{FA446FFB-4A5C-395F-9E53-F99288111CD8}.Release|x86.ActiveCfg = Release|Win32
		{FA446FFB-4A5C-395F-9E53-F99288111CD8}.Release|x86.Build.0 = Release|Win32
		{FA446FFB-4A5C-395F-9E53-F99288111CD8}.RelWithDebInfo|Win32.ActiveCfg = RelWithDebInfo|Win32
		{FA446FFB-4A5C-395F-9E53-F99288111CD8}.RelWithDebInfo|Win32.Build.0 = RelWithDebInfo|Win32
		{FA446FFB-4A5C-395F-9E53-F99288111CD8}.RelWithDebInfo|x64.ActiveCfg = RelWithDebInfo|x64
		{FA446FFB-4A5C-395F-9E53-F99288111CD8}.RelWithDebInfo|x64.Build.0 = RelWithDebInfo|x64
		{FA446FFB-4A5C-395F-9E53-F99288111CD8}.RelWithDebInfo|x86.ActiveCfg = RelWithDebInfo|Win32
		{FA446FFB-4A5C-395F-9E53-F99288111CD8}.RelWithDebInfo|x86.Build.0 = RelWithDebInfo|Win32
		{FE9DB65D-3D35-38F3-8517-D88D66CA5BE7}.Debug|Win32.ActiveCfg = Debug|Win32
		{FE9DB65D-3D35-38F3-8517-D88D66CA5BE7}.Debug|Win32.Build.0 = Debug|Win32
		{FE9DB65D-3D35-38F3-8517-D88D66CA5BE7}.Debug|x64.ActiveCfg = Debug|x64
		{FE9DB65D-3D35-38F3-8517-D88D66CA5BE7}.Debug|x64.Build.0 = Debug|x64
		{FE9DB65D-3D35-38F3-8517-D88D66CA5BE7}.Debug|x86.ActiveCfg = Debug|Win32
		{FE9DB65D-3D35-38F3-8517-D88D66CA5BE7}.Debug|x86.Build.0 = Debug|Win32
		{FE9DB65D-3D35-38F3-8517-D88D66CA5BE7}.MinSizeRel|Win32.ActiveCfg = MinSizeRel|Win32
		{FE9DB65D-3D35-38F3-8517-D88D66CA5BE7}.MinSizeRel|Win32.Build.0 = MinSizeRel|Win32
		{FE9DB65D-3D35-38F3-8517-D88D66CA5BE7}.MinSizeRel|x64.ActiveCfg = MinSizeRel|x64
		{FE9DB65D-3D35-38F3-8517-D88D66CA5BE7}.MinSizeRel|x64.Build.0 = MinSizeRel|x64
		{FE9DB65D-3D35-38F3-8517-D88D66CA5BE7}.MinSizeRel|x86.ActiveCfg = MinSizeRel|Win32
		{FE9DB65D-3D35-38F3-8517-D88D66CA5BE7}.MinSizeRel|x86.Build.0 = MinSizeRel|Win32
		{FE9DB65D-3D35-38F3-8517-D88D66CA5BE7}.RelDebInfo32|Win32.ActiveCfg = RelDebInfo32|Win32
		{FE9DB65D-3D35-38F3-8517-D88D66CA5BE7}.RelDebInfo32|Win32.Build.0 = RelDebInfo32|Win32
		{FE9DB65D-3D35-38F3-8517-D88D66CA5BE7}.RelDebInfo32|x64.ActiveCfg = RelDebInfo32|x64
		{FE9DB65D-3D35-38F3-8517-D88D66CA5BE7}.RelDebInfo32|x64.Build.0 = RelDebInfo32|x64
		{FE9DB65D-3D35-38F3-8517-D88D66CA5BE7}.RelDebInfo32|x86.ActiveCfg = RelDebInfo32|Win32
		{FE9DB65D-3D35-38F3-8517-D88D66CA5BE7}.RelDebInfo32|x86.Build.0 = RelDebInfo32|Win32
		{FE9DB65D-3D35-38F3-8517-D88D66CA5BE7}.Release|Win32.ActiveCfg = Release|Win32
		{FE9DB65D-3D35-38F3-8517-D88D66CA5BE7}.Release|Win32.Build.0 = Release|Win32
		{FE9DB65D-3D35-38F3-8517-D88D66CA5BE7}.Release|x64.ActiveCfg = Release|x64
		{FE9DB65D-3D35-38F3-8517-D88D66CA5BE7}.Release|x64.Build.0 = Release|x64
		{FE9DB65D-3D35-38F3-8517-D88D66CA5BE7}.Release|x86.ActiveCfg = Release|Win32
		{FE9DB65D-3D35-38F3-8517-D88D66CA5BE7}.Release|x86.Build.0 = Release|Win32
		{FE9DB65D-3D35-38F3-8517-D88D66CA5BE7}.RelWithDebInfo|Win32.ActiveCfg = RelWithDebInfo|Win32
		{FE9DB65D-3D35-38F3-8517-D88D66CA5BE7}.RelWithDebInfo|Win32.Build.0 = RelWithDebInfo|Win32
		{FE9DB65D-3D35-38F3-8517-D88D66CA5BE7}.RelWithDebInfo|x64.ActiveCfg = RelWithDebInfo|x64
		{FE9DB65D-3D35-38F3-8517-D88D66CA5BE7}.RelWithDebInfo|x64.Build.0 = RelWithDebInfo|x64
		{FE9DB65D-3D35-38F3-8517-D88D66CA5BE7}.RelWithDebInfo|x86.ActiveCfg = RelWithDebInfo|Win32
		{FE9DB65D-3D35-38F3-8517-D88D66CA5BE7}.RelWithDebInfo|x86.Build.0 = RelWithDebInfo|Win32
		{2B03A312-0BD9-3E9A-9C14-AD558292F7F2}.Debug|Win32.ActiveCfg = Debug|Win32
		{2B03A312-0BD9-3E9A-9C14-AD558292F7F2}.Debug|Win32.Build.0 = Debug|Win32
		{2B03A312-0BD9-3E9A-9C14-AD558292F7F2}.Debug|x64.ActiveCfg = Debug|x64
		{2B03A312-0BD9-3E9A-9C14-AD558292F7F2}.Debug|x64.Build.0 = Debug|x64
		{2B03A312-0BD9-3E9A-9C14-AD558292F7F2}.Debug|x86.ActiveCfg = Debug|Win32
		{2B03A312-0BD9-3E9A-9C14-AD558292F7F2}.Debug|x86.Build.0 = Debug|Win32
		{2B03A312-0BD9-3E9A-9C14-AD558292F7F2}.MinSizeRel|Win32.ActiveCfg = MinSizeRel|Win32
		{2B03A312-0BD9-3E9A-9C14-AD558292F7F2}.MinSizeRel|Win32.Build.0 = MinSizeRel|Win32
		{2B03A312-0BD9-3E9A-9C14-AD558292F7F2}.MinSizeRel|x64.ActiveCfg = MinSizeRel|x64
		{2B03A312-0BD9-3E9A-9C14-AD558292F7F2}.MinSizeRel|x64.Build.0 = MinSizeRel|x64
		{2B03A312-0BD9-3E9A-9C14-AD558292F7F2}.MinSizeRel|x86.ActiveCfg = MinSizeRel|Win32
		{2B03A312-0BD9-3E9A-9C14-AD558292F7F2}.MinSizeRel|x86.Build.0 = MinSizeRel|Win32
		{2B03A312-0BD9-3E9A-9C14-AD558292F7F2}.RelDebInfo32|Win32.ActiveCfg = RelDebInfo32|Win32
		{2B03A312-0BD9-3E9A-9C14-AD558292F7F2}.RelDebInfo32|Win32.Build.0 = RelDebInfo32|Win32
		{2B03A312-0BD9-3E9A-9C14-AD558292F7F2}.RelDebInfo32|x64.ActiveCfg = RelDebInfo32|x64
		{2B03A312-0BD9-3E9A-9C14-AD558292F7F2}.RelDebInfo32|x64.Build.0 = RelDebInfo32|x64
		{2B03A312-0BD9-3E9A-9C14-AD558292F7F2}.RelDebInfo32|x86.ActiveCfg = RelDebInfo32|Win32
		{2B03A312-0BD9-3E9A-9C14-AD558292F7F2}.RelDebInfo32|x86.Build.0 = RelDebInfo32|Win32
		{2B03A312-0BD9-3E9A-9C14-AD558292F7F2}.Release|Win32.ActiveCfg = Release|Win32
		{2B03A312-0BD9-3E9A-9C14-AD558292F7F2}.Release|Win32.Build.0 = Release|Win32
		{2B03A312-0BD9-3E9A-9C14-AD558292F7F2}.Release|x64.ActiveCfg = Release|x64
		{2B03A312-0BD9-3E9A-9C14-AD558292F7F2}.Release|x64.Build.0 = Release|x64
		{2B03A312-0BD9-3E9A-9C14-AD558292F7F2}.Release|x86.ActiveCfg = Release|Win32
		{2B03A312-0BD9-3E9A-9C14-AD558292F7F2}.Release|x86.Build.0 = Release|Win32
		{2B03A312-0BD9-3E9A-9C14-AD558292F7F2}.RelWithDebInfo|Win32.ActiveCfg = RelWithDebInfo|Win32
		{2B03A312-0BD9-3E9A-9C14-AD558292F7F2}.RelWithDebInfo|Win32.Build.0 = RelWithDebInfo|Win32
		{2B03A312-0BD9-3E9A-9C14-AD558292F7F2}.RelWithDebInfo|x64.ActiveCfg = RelWithDebInfo|x64
		{2B03A312-0BD9-3E9A-9C14-AD558292F7F2}.RelWithDebInfo|x64.Build.0 = RelWithDebInfo|x64
		{2B03A312-0BD9-3E9A-9C14-AD558292F7F2}.RelWithDebInfo|x86.ActiveCfg = RelWithDebInfo|Win32
		{2B03A312-0BD9-3E9A-9C14-AD558292F7F2}.RelWithDebInfo|x86.Build.0 = RelWithDebInfo|Win32
	EndGlobalSection
	GlobalSection(SolutionProperties) = preSolution
		HideSolutionNode = FALSE
	EndGlobalSection
	GlobalSection(ExtensibilityGlobals) = postSolution
		SolutionGuid = {9F0A404C-E686-320A-8B94-84DDFBD42AD8}
	EndGlobalSection
EndGlobal
